<?xml version="1.0" encoding="utf-8"?>
<Project ToolsVersion="4.0" xmlns="http://schemas.microsoft.com/developer/msbuild/2003">
  <ItemGroup>
    <Filter Include="App">
      <UniqueIdentifier>{22bc6c26-b7c6-405f-80d2-90aebe67ec8c}</UniqueIdentifier>
    </Filter>
    <Filter Include="Framework">
      <UniqueIdentifier>{01260289-21c5-4b12-98c1-d198a48f124e}</UniqueIdentifier>
    </Filter>
    <Filter Include="Editor">
      <UniqueIdentifier>{bdd9f79f-5bc9-42a7-9997-2be327d774c0}</UniqueIdentifier>
    </Filter>
    <Filter Include="Game">
      <UniqueIdentifier>{2205c7a1-a10d-419f-83d9-a3432332e141}</UniqueIdentifier>
    </Filter>
  </ItemGroup>
  <ItemGroup>
    <ClCompile Include="App\App.cpp">
      <Filter>App</Filter>
    </ClCompile>
    <ClCompile Include="App\Controller.cpp">
      <Filter>App</Filter>
    </ClCompile>
    <ClCompile Include="App\Main.cpp">
      <Filter>App</Filter>
    </ClCompile>
    <ClCompile Include="App\Sound.cpp">
      <Filter>App</Filter>
    </ClCompile>
    <ClCompile Include="App\Sprite.cpp">
      <Filter>App</Filter>
    </ClCompile>
    <ClCompile Include="Framework\Actor.cpp">
      <Filter>Framework</Filter>
    </ClCompile>
    <ClCompile Include="Framework\ActorComponent.cpp">
      <Filter>Framework</Filter>
    </ClCompile>
    <ClCompile Include="Framework\GameObject.cpp">
      <Filter>Framework</Filter>
    </ClCompile>
    <ClCompile Include="Framework\InputComponent.cpp">
      <Filter>Framework</Filter>
    </ClCompile>
    <ClCompile Include="Framework\Matrix.cpp">
      <Filter>Framework</Filter>
    </ClCompile>
    <ClCompile Include="Framework\PhysicsComponent.cpp">
      <Filter>Framework</Filter>
    </ClCompile>
    <ClCompile Include="Framework\TransformComponent.cpp">
      <Filter>Framework</Filter>
    </ClCompile>
    <ClCompile Include="Framework\Vector2D.cpp">
      <Filter>Framework</Filter>
    </ClCompile>
    <ClCompile Include="Editor\Editor.cpp">
      <Filter>Editor</Filter>
    </ClCompile>
    <ClCompile Include="Editor\Table.cpp">
      <Filter>Editor</Filter>
    </ClCompile>
    <ClCompile Include="Game\Asteroid.cpp">
      <Filter>Game</Filter>
    </ClCompile>
    <ClCompile Include="Game\AsteroidGame.cpp">
      <Filter>Game</Filter>
    </ClCompile>
    <ClCompile Include="Game\AsteroidManager.cpp">
      <Filter>Game</Filter>
    </ClCompile>
    <ClCompile Include="Game\Bullet.cpp">
      <Filter>Game</Filter>
    </ClCompile>
    <ClCompile Include="Game\BulletManager.cpp">
      <Filter>Game</Filter>
    </ClCompile>
    <ClCompile Include="Game\GameManager.cpp">
      <Filter>Game</Filter>
    </ClCompile>
    <ClCompile Include="Game\Player.cpp">
      <Filter>Game</Filter>
    </ClCompile>
    <ClCompile Include="Demo.cpp" />
  </ItemGroup>
  <ItemGroup>
    <ClInclude Include="App\App.h">
      <Filter>App</Filter>
    </ClInclude>
    <ClInclude Include="App\AppSettings.h">
      <Filter>App</Filter>
    </ClInclude>
    <ClInclude Include="App\Controller.h">
      <Filter>App</Filter>
    </ClInclude>
    <ClInclude Include="App\Main.h">
      <Filter>App</Filter>
    </ClInclude>
    <ClInclude Include="App\Sound.h">
      <Filter>App</Filter>
    </ClInclude>
    <ClInclude Include="App\Sprite.h">
      <Filter>App</Filter>
    </ClInclude>
    <ClInclude Include="Framework\Actor.h">
      <Filter>Framework</Filter>
    </ClInclude>
    <ClInclude Include="Framework\ActorComponent.h">
      <Filter>Framework</Filter>
    </ClInclude>
    <ClInclude Include="Framework\GameObject.h">
      <Filter>Framework</Filter>
    </ClInclude>
    <ClInclude Include="Framework\InputComponent.h">
      <Filter>Framework</Filter>
    </ClInclude>
    <ClInclude Include="Framework\Matrix.h">
      <Filter>Framework</Filter>
    </ClInclude>
    <ClInclude Include="Framework\PhysicsComponent.h">
      <Filter>Framework</Filter>
    </ClInclude>
    <ClInclude Include="Framework\TransformComponent.h">
      <Filter>Framework</Filter>
    </ClInclude>
    <ClInclude Include="Framework\Vector2D.h">
      <Filter>Framework</Filter>
    </ClInclude>
    <ClInclude Include="Editor\Editor.h">
      <Filter>Editor</Filter>
    </ClInclude>
    <ClInclude Include="Editor\Table.h">
      <Filter>Editor</Filter>
    </ClInclude>
    <ClInclude Include="Game\Asteroid.h">
      <Filter>Game</Filter>
    </ClInclude>
    <ClInclude Include="Game\AsteroidGame.h">
      <Filter>Game</Filter>
    </ClInclude>
    <ClInclude Include="Game\AsteroidManager.h">
      <Filter>Game</Filter>
    </ClInclude>
    <ClInclude Include="Game\Bullet.h">
      <Filter>Game</Filter>
    </ClInclude>
    <ClInclude Include="Game\BulletManager.h">
      <Filter>Game</Filter>
    </ClInclude>
    <ClInclude Include="Game\GameData.h">
      <Filter>Game</Filter>
    </ClInclude>
    <ClInclude Include="Game\GameManager.h">
      <Filter>Game</Filter>
    </ClInclude>
    <ClInclude Include="Game\GameUtil.h">
      <Filter>Game</Filter>
    </ClInclude>
    <ClInclude Include="Game\Player.h">
      <Filter>Game</Filter>
    </ClInclude>
  </ItemGroup>
</Project>